
Microsoft Visual Studio Solution File, Format Version 12.00
# Visual Studio 14
VisualStudioVersion = 14.0.25420.1
MinimumVisualStudioVersion = 10.0.40219.1
Project("{8BC9CEB8-8B4A-11D0-8D11-00A0C91BC942}") = "CPPNet", "CPPNet\CPPNet.vcxproj", "{49A8E67D-6B65-4F49-B7B0-47ACA9005AB6}"
EndProject
Project("{8BC9CEB8-8B4A-11D0-8D11-00A0C91BC942}") = "Server", "Server\Server.vcxproj", "{7D61A6D0-7001-4D38-876D-A443B4DEAC11}"
EndProject
Project("{8BC9CEB8-8B4A-11D0-8D11-00A0C91BC942}") = "TestClient", "TestClient\TestClient.vcxproj", "{1B32E6D7-6A9E-49B5-85B2-078ACFB405EE}"
EndProject
Project("{2150E333-8FDC-42A3-9474-1A3956D46DE8}") = "externals", "externals", "{9915C6B5-164B-40EF-B8C7-34BDDD83B7B7}"
EndProject
Project("{8BC9CEB8-8B4A-11D0-8D11-00A0C91BC942}") = "zlibstatic", "externals\zlib\zlibstatic.vcxproj", "{FCA91B5C-EAD9-398C-9924-88D1DDD22168}"
EndProject
Project("{8BC9CEB8-8B4A-11D0-8D11-00A0C91BC942}") = "assimp", "externals\assimp\assimp.vcxproj", "{FD6CB567-7BE0-32E8-B589-CF63C54BB6B5}"
EndProject
Project("{8BC9CEB8-8B4A-11D0-8D11-00A0C91BC942}") = "SDL2-static", "externals\SDL2\SDL2-static.vcxproj", "{773D47B6-DA0C-388D-B713-D7FFB5264CBC}"
EndProject
Project("{8BC9CEB8-8B4A-11D0-8D11-00A0C91BC942}") = "libprotobuf", "externals\libprotobuf\libprotobuf.vcxproj", "{75304EE6-BB50-3371-AFBD-FDC28B10BE4C}"
EndProject
Project("{8BC9CEB8-8B4A-11D0-8D11-00A0C91BC942}") = "SDL2-main", "externals\SDL2\SDL2-main.vcxproj", "{4942EC43-30E9-4370-9596-99AF7AE5A9D5}"
EndProject
Project("{8BC9CEB8-8B4A-11D0-8D11-00A0C91BC942}") = "TestWebsocketClient", "TestWebsocketClient\TestWebsocketClient.vcxproj", "{E4865636-FACD-46D1-BED8-547E6326F601}"
EndProject
Global
	GlobalSection(SolutionConfigurationPlatforms) = preSolution
		Debug|x64 = Debug|x64
		Debug|x86 = Debug|x86
		Release|x64 = Release|x64
		Release|x86 = Release|x86
	EndGlobalSection
	GlobalSection(ProjectConfigurationPlatforms) = postSolution
		{49A8E67D-6B65-4F49-B7B0-47ACA9005AB6}.Debug|x64.ActiveCfg = Debug|x64
		{49A8E67D-6B65-4F49-B7B0-47ACA9005AB6}.Debug|x64.Build.0 = Debug|x64
		{49A8E67D-6B65-4F49-B7B0-47ACA9005AB6}.Debug|x86.ActiveCfg = Debug|Win32
		{49A8E67D-6B65-4F49-B7B0-47ACA9005AB6}.Debug|x86.Build.0 = Debug|Win32
		{49A8E67D-6B65-4F49-B7B0-47ACA9005AB6}.Release|x64.ActiveCfg = Release|x64
		{49A8E67D-6B65-4F49-B7B0-47ACA9005AB6}.Release|x64.Build.0 = Release|x64
		{49A8E67D-6B65-4F49-B7B0-47ACA9005AB6}.Release|x86.ActiveCfg = Release|Win32
		{49A8E67D-6B65-4F49-B7B0-47ACA9005AB6}.Release|x86.Build.0 = Release|Win32
		{7D61A6D0-7001-4D38-876D-A443B4DEAC11}.Debug|x64.ActiveCfg = Debug|x64
		{7D61A6D0-7001-4D38-876D-A443B4DEAC11}.Debug|x64.Build.0 = Debug|x64
		{7D61A6D0-7001-4D38-876D-A443B4DEAC11}.Debug|x86.ActiveCfg = Debug|Win32
		{7D61A6D0-7001-4D38-876D-A443B4DEAC11}.Debug|x86.Build.0 = Debug|Win32
		{7D61A6D0-7001-4D38-876D-A443B4DEAC11}.Release|x64.ActiveCfg = Release|x64
		{7D61A6D0-7001-4D38-876D-A443B4DEAC11}.Release|x64.Build.0 = Release|x64
		{7D61A6D0-7001-4D38-876D-A443B4DEAC11}.Release|x86.ActiveCfg = Release|Win32
		{7D61A6D0-7001-4D38-876D-A443B4DEAC11}.Release|x86.Build.0 = Release|Win32
		{1B32E6D7-6A9E-49B5-85B2-078ACFB405EE}.Debug|x64.ActiveCfg = Debug|x64
		{1B32E6D7-6A9E-49B5-85B2-078ACFB405EE}.Debug|x64.Build.0 = Debug|x64
		{1B32E6D7-6A9E-49B5-85B2-078ACFB405EE}.Debug|x86.ActiveCfg = Debug|Win32
		{1B32E6D7-6A9E-49B5-85B2-078ACFB405EE}.Debug|x86.Build.0 = Debug|Win32
		{1B32E6D7-6A9E-49B5-85B2-078ACFB405EE}.Release|x64.ActiveCfg = Release|x64
		{1B32E6D7-6A9E-49B5-85B2-078ACFB405EE}.Release|x64.Build.0 = Release|x64
		{1B32E6D7-6A9E-49B5-85B2-078ACFB405EE}.Release|x86.ActiveCfg = Release|Win32
		{1B32E6D7-6A9E-49B5-85B2-078ACFB405EE}.Release|x86.Build.0 = Release|Win32
		{FCA91B5C-EAD9-398C-9924-88D1DDD22168}.Debug|x64.ActiveCfg = Debug|x64
		{FCA91B5C-EAD9-398C-9924-88D1DDD22168}.Debug|x64.Build.0 = Debug|x64
		{FCA91B5C-EAD9-398C-9924-88D1DDD22168}.Debug|x86.ActiveCfg = Debug|Win32
		{FCA91B5C-EAD9-398C-9924-88D1DDD22168}.Debug|x86.Build.0 = Debug|Win32
		{FCA91B5C-EAD9-398C-9924-88D1DDD22168}.Release|x64.ActiveCfg = Release|Win32
		{FCA91B5C-EAD9-398C-9924-88D1DDD22168}.Release|x86.ActiveCfg = Release|Win32
		{FCA91B5C-EAD9-398C-9924-88D1DDD22168}.Release|x86.Build.0 = Release|Win32
		{FD6CB567-7BE0-32E8-B589-CF63C54BB6B5}.Debug|x64.ActiveCfg = Debug|x64
		{FD6CB567-7BE0-32E8-B589-CF63C54BB6B5}.Debug|x64.Build.0 = Debug|x64
		{FD6CB567-7BE0-32E8-B589-CF63C54BB6B5}.Debug|x86.ActiveCfg = Debug|Win32
		{FD6CB567-7BE0-32E8-B589-CF63C54BB6B5}.Debug|x86.Build.0 = Debug|Win32
		{FD6CB567-7BE0-32E8-B589-CF63C54BB6B5}.Release|x64.ActiveCfg = Release|Win32
		{FD6CB567-7BE0-32E8-B589-CF63C54BB6B5}.Release|x86.ActiveCfg = Release|Win32
		{FD6CB567-7BE0-32E8-B589-CF63C54BB6B5}.Release|x86.Build.0 = Release|Win32
		{773D47B6-DA0C-388D-B713-D7FFB5264CBC}.Debug|x64.ActiveCfg = Debug|x64
		{773D47B6-DA0C-388D-B713-D7FFB5264CBC}.Debug|x64.Build.0 = Debug|x64
		{773D47B6-DA0C-388D-B713-D7FFB5264CBC}.Debug|x86.ActiveCfg = Debug|Win32
		{773D47B6-DA0C-388D-B713-D7FFB5264CBC}.Debug|x86.Build.0 = Debug|Win32
		{773D47B6-DA0C-388D-B713-D7FFB5264CBC}.Release|x64.ActiveCfg = Release|x64
		{773D47B6-DA0C-388D-B713-D7FFB5264CBC}.Release|x64.Build.0 = Release|x64
		{773D47B6-DA0C-388D-B713-D7FFB5264CBC}.Release|x86.ActiveCfg = Release|Win32
		{773D47B6-DA0C-388D-B713-D7FFB5264CBC}.Release|x86.Build.0 = Release|Win32
		{75304EE6-BB50-3371-AFBD-FDC28B10BE4C}.Debug|x64.ActiveCfg = Debug|x64
		{75304EE6-BB50-3371-AFBD-FDC28B10BE4C}.Debug|x64.Build.0 = Debug|x64
		{75304EE6-BB50-3371-AFBD-FDC28B10BE4C}.Debug|x86.ActiveCfg = Debug|Win32
		{75304EE6-BB50-3371-AFBD-FDC28B10BE4C}.Debug|x86.Build.0 = Debug|Win32
		{75304EE6-BB50-3371-AFBD-FDC28B10BE4C}.Release|x64.ActiveCfg = Release|Win32
		{75304EE6-BB50-3371-AFBD-FDC28B10BE4C}.Release|x86.ActiveCfg = Release|Win32
		{75304EE6-BB50-3371-AFBD-FDC28B10BE4C}.Release|x86.Build.0 = Release|Win32
		{4942EC43-30E9-4370-9596-99AF7AE5A9D5}.Debug|x64.ActiveCfg = Debug|x64
		{4942EC43-30E9-4370-9596-99AF7AE5A9D5}.Debug|x64.Build.0 = Debug|x64
		{4942EC43-30E9-4370-9596-99AF7AE5A9D5}.Debug|x86.ActiveCfg = Debug|Win32
		{4942EC43-30E9-4370-9596-99AF7AE5A9D5}.Debug|x86.Build.0 = Debug|Win32
		{4942EC43-30E9-4370-9596-99AF7AE5A9D5}.Release|x64.ActiveCfg = Release|x64
		{4942EC43-30E9-4370-9596-99AF7AE5A9D5}.Release|x64.Build.0 = Release|x64
		{4942EC43-30E9-4370-9596-99AF7AE5A9D5}.Release|x86.ActiveCfg = Release|Win32
		{4942EC43-30E9-4370-9596-99AF7AE5A9D5}.Release|x86.Build.0 = Release|Win32
		{E4865636-FACD-46D1-BED8-547E6326F601}.Debug|x64.ActiveCfg = Debug|x64
		{E4865636-FACD-46D1-BED8-547E6326F601}.Debug|x64.Build.0 = Debug|x64
		{E4865636-FACD-46D1-BED8-547E6326F601}.Debug|x86.ActiveCfg = Debug|Win32
		{E4865636-FACD-46D1-BED8-547E6326F601}.Debug|x86.Build.0 = Debug|Win32
		{E4865636-FACD-46D1-BED8-547E6326F601}.Release|x64.ActiveCfg = Release|x64
		{E4865636-FACD-46D1-BED8-547E6326F601}.Release|x64.Build.0 = Release|x64
		{E4865636-FACD-46D1-BED8-547E6326F601}.Release|x86.ActiveCfg = Release|Win32
		{E4865636-FACD-46D1-BED8-547E6326F601}.Release|x86.Build.0 = Release|Win32
	EndGlobalSection
	GlobalSection(SolutionProperties) = preSolution
		HideSolutionNode = FALSE
	EndGlobalSection
	GlobalSection(NestedProjects) = preSolution
		{FCA91B5C-EAD9-398C-9924-88D1DDD22168} = {9915C6B5-164B-40EF-B8C7-34BDDD83B7B7}
		{FD6CB567-7BE0-32E8-B589-CF63C54BB6B5} = {9915C6B5-164B-40EF-B8C7-34BDDD83B7B7}
		{773D47B6-DA0C-388D-B713-D7FFB5264CBC} = {9915C6B5-164B-40EF-B8C7-34BDDD83B7B7}
		{75304EE6-BB50-3371-AFBD-FDC28B10BE4C} = {9915C6B5-164B-40EF-B8C7-34BDDD83B7B7}
		{4942EC43-30E9-4370-9596-99AF7AE5A9D5} = {9915C6B5-164B-40EF-B8C7-34BDDD83B7B7}
	EndGlobalSection
EndGlobal
