
Microsoft Visual Studio Solution File, Format Version 12.00
# Visual Studio 14
VisualStudioVersion = 14.0.25420.1
MinimumVisualStudioVersion = 10.0.40219.1
Project("{8BC9CEB8-8B4A-11D0-8D11-00A0C91BC942}") = "KapokCPPServer", "KapokCPPServer\KapokCPPServer.vcxproj", "{49A8E67D-6B65-4F49-B7B0-47ACA9005AB6}"
EndProject
Project("{8BC9CEB8-8B4A-11D0-8D11-00A0C91BC942}") = "KapokCPPServer.Main", "KapokCPPServer.Main\KapokCPPServer.Main.vcxproj", "{7D61A6D0-7001-4D38-876D-A443B4DEAC11}"
EndProject
Project("{8BC9CEB8-8B4A-11D0-8D11-00A0C91BC942}") = "KapokClient", "KapokClient\KapokClient.vcxproj", "{1B32E6D7-6A9E-49B5-85B2-078ACFB405EE}"
EndProject
Global
	GlobalSection(SolutionConfigurationPlatforms) = preSolution
		Debug|x64 = Debug|x64
		Debug|x86 = Debug|x86
		Release|x64 = Release|x64
		Release|x86 = Release|x86
	EndGlobalSection
	GlobalSection(ProjectConfigurationPlatforms) = postSolution
		{49A8E67D-6B65-4F49-B7B0-47ACA9005AB6}.Debug|x64.ActiveCfg = Debug|x64
		{49A8E67D-6B65-4F49-B7B0-47ACA9005AB6}.Debug|x64.Build.0 = Debug|x64
		{49A8E67D-6B65-4F49-B7B0-47ACA9005AB6}.Debug|x86.ActiveCfg = Debug|Win32
		{49A8E67D-6B65-4F49-B7B0-47ACA9005AB6}.Debug|x86.Build.0 = Debug|Win32
		{49A8E67D-6B65-4F49-B7B0-47ACA9005AB6}.Release|x64.ActiveCfg = Release|x64
		{49A8E67D-6B65-4F49-B7B0-47ACA9005AB6}.Release|x64.Build.0 = Release|x64
		{49A8E67D-6B65-4F49-B7B0-47ACA9005AB6}.Release|x86.ActiveCfg = Release|Win32
		{49A8E67D-6B65-4F49-B7B0-47ACA9005AB6}.Release|x86.Build.0 = Release|Win32
		{7D61A6D0-7001-4D38-876D-A443B4DEAC11}.Debug|x64.ActiveCfg = Debug|x64
		{7D61A6D0-7001-4D38-876D-A443B4DEAC11}.Debug|x64.Build.0 = Debug|x64
		{7D61A6D0-7001-4D38-876D-A443B4DEAC11}.Debug|x86.ActiveCfg = Debug|Win32
		{7D61A6D0-7001-4D38-876D-A443B4DEAC11}.Debug|x86.Build.0 = Debug|Win32
		{7D61A6D0-7001-4D38-876D-A443B4DEAC11}.Release|x64.ActiveCfg = Release|x64
		{7D61A6D0-7001-4D38-876D-A443B4DEAC11}.Release|x64.Build.0 = Release|x64
		{7D61A6D0-7001-4D38-876D-A443B4DEAC11}.Release|x86.ActiveCfg = Release|Win32
		{7D61A6D0-7001-4D38-876D-A443B4DEAC11}.Release|x86.Build.0 = Release|Win32
		{1B32E6D7-6A9E-49B5-85B2-078ACFB405EE}.Debug|x64.ActiveCfg = Debug|x64
		{1B32E6D7-6A9E-49B5-85B2-078ACFB405EE}.Debug|x64.Build.0 = Debug|x64
		{1B32E6D7-6A9E-49B5-85B2-078ACFB405EE}.Debug|x86.ActiveCfg = Debug|Win32
		{1B32E6D7-6A9E-49B5-85B2-078ACFB405EE}.Debug|x86.Build.0 = Debug|Win32
		{1B32E6D7-6A9E-49B5-85B2-078ACFB405EE}.Release|x64.ActiveCfg = Release|x64
		{1B32E6D7-6A9E-49B5-85B2-078ACFB405EE}.Release|x64.Build.0 = Release|x64
		{1B32E6D7-6A9E-49B5-85B2-078ACFB405EE}.Release|x86.ActiveCfg = Release|Win32
		{1B32E6D7-6A9E-49B5-85B2-078ACFB405EE}.Release|x86.Build.0 = Release|Win32
	EndGlobalSection
	GlobalSection(SolutionProperties) = preSolution
		HideSolutionNode = FALSE
	EndGlobalSection
EndGlobal
