<?xml version="1.0" encoding="utf-8"?>
<Project ToolsVersion="4.0" xmlns="http://schemas.microsoft.com/developer/msbuild/2003">
  <ItemGroup>
    <Filter Include="资源文件">
      <UniqueIdentifier>{67DA6AB6-F800-4c08-8B7A-83BB121AAD01}</UniqueIdentifier>
      <Extensions>rc;ico;cur;bmp;dlg;rc2;rct;bin;rgs;gif;jpg;jpeg;jpe;resx;tiff;tif;png;wav;mfcribbon-ms</Extensions>
    </Filter>
    <Filter Include="include">
      <UniqueIdentifier>{93995380-89BD-4b04-88EB-625FBE52EBFB}</UniqueIdentifier>
      <Extensions>h;hh;hpp;hxx;hm;inl;inc;xsd</Extensions>
    </Filter>
    <Filter Include="src">
      <UniqueIdentifier>{4FC737F1-C7A5-4376-A066-2A32D752A2FF}</UniqueIdentifier>
      <Extensions>cpp;c;cc;cxx;def;odl;idl;hpj;bat;asm;asmx</Extensions>
    </Filter>
    <Filter Include="src\async">
      <UniqueIdentifier>{c3c80127-bb21-4c9a-85ac-3a04ee85310a}</UniqueIdentifier>
    </Filter>
  </ItemGroup>
  <ItemGroup>
    <ClInclude Include="src\async\Proactor.h">
      <Filter>src\async</Filter>
    </ClInclude>
    <ClInclude Include="include\Predef.h">
      <Filter>include</Filter>
    </ClInclude>
    <ClInclude Include="include\TcpSession.h">
      <Filter>include</Filter>
    </ClInclude>
    <ClInclude Include="include\TcpSessionFwd.h">
      <Filter>include</Filter>
    </ClInclude>
    <ClInclude Include="include\TCPServer.h">
      <Filter>include</Filter>
    </ClInclude>
    <ClInclude Include="include\TCPClient.h">
      <Filter>include</Filter>
    </ClInclude>
    <ClInclude Include="include\AsyncThreadPool.h">
      <Filter>include</Filter>
    </ClInclude>
    <ClInclude Include="include\WSServer.h">
      <Filter>include</Filter>
    </ClInclude>
    <ClInclude Include="include\WSSession.h">
      <Filter>include</Filter>
    </ClInclude>
    <ClInclude Include="include\WSSessionFwd.h">
      <Filter>include</Filter>
    </ClInclude>
    <ClInclude Include="include\WSPredef.h">
      <Filter>include</Filter>
    </ClInclude>
  </ItemGroup>
  <ItemGroup>
    <ClCompile Include="src\async\Proactor.cpp">
      <Filter>src\async</Filter>
    </ClCompile>
    <ClCompile Include="src\TcpSession.cpp">
      <Filter>src</Filter>
    </ClCompile>
    <ClCompile Include="src\TCPServer.cpp">
      <Filter>src</Filter>
    </ClCompile>
    <ClCompile Include="src\TCPClient.cpp">
      <Filter>src</Filter>
    </ClCompile>
    <ClCompile Include="src\async\AsyncThreadPool.cpp">
      <Filter>src\async</Filter>
    </ClCompile>
    <ClCompile Include="src\WSServer.cpp">
      <Filter>src</Filter>
    </ClCompile>
    <ClCompile Include="src\WSSession.cpp">
      <Filter>src</Filter>
    </ClCompile>
  </ItemGroup>
</Project>